
Microsoft Visual Studio Solution File, Format Version 12.00
# Visual Studio 15
VisualStudioVersion = 15.0.26730.15
MinimumVisualStudioVersion = 10.0.40219.1
Project("{FAE04EC0-301F-11D3-BF4B-00C04F79EFBC}") = "FreshMVVMSample.Android", "Basic\FreshMVVMSample.Android\FreshMVVMSample.Android.csproj", "{9064BDA3-51B3-4D22-81D7-A07790D6442D}"
EndProject
Project("{FAE04EC0-301F-11D3-BF4B-00C04F79EFBC}") = "FreshMVVMSample", "Basic\FreshMVVMSample\FreshMVVMSample.csproj", "{354A3470-BE9C-4F18-B635-E2D8685C0C3B}"
EndProject
Project("{FAE04EC0-301F-11D3-BF4B-00C04F79EFBC}") = "FreshMVVMSample.iOS", "Basic\FreshMVVMSample.iOS\FreshMVVMSample.iOS.csproj", "{F43017AE-0EA7-4ADE-9E6C-E04660FF0EFD}"
EndProject
Project("{2150E333-8FDC-42A3-9474-1A3956D46DE8}") = "Basic", "Basic", "{F6EF1AE4-D5AB-4C01-9469-C64B7FDF5C69}"
EndProject
Project("{2150E333-8FDC-42A3-9474-1A3956D46DE8}") = "MasterPage", "MasterPage", "{62916577-8D6B-4E99-8258-2A953C37AD2C}"
EndProject
Project("{FAE04EC0-301F-11D3-BF4B-00C04F79EFBC}") = "FreshMVVMSample", "MasterPage\FreshMVVMSample\FreshMVVMSample.csproj", "{430E2A0C-A9EA-4A31-9644-9BA662F487E7}"
EndProject
Project("{FAE04EC0-301F-11D3-BF4B-00C04F79EFBC}") = "FreshMVVMSample.Android", "MasterPage\FreshMVVMSample.Android\FreshMVVMSample.Android.csproj", "{3CE64FBB-51D9-4CE4-8E0E-9BFB2957D3EF}"
EndProject
Project("{FAE04EC0-301F-11D3-BF4B-00C04F79EFBC}") = "FreshMVVMSample.iOS", "MasterPage\FreshMVVMSample.iOS\FreshMVVMSample.iOS.csproj", "{274E6098-4292-4E90-848E-7F5F09D4D377}"
EndProject
Global
	GlobalSection(SolutionConfigurationPlatforms) = preSolution
		Ad-Hoc|Any CPU = Ad-Hoc|Any CPU
		Ad-Hoc|iPhone = Ad-Hoc|iPhone
		Ad-Hoc|iPhoneSimulator = Ad-Hoc|iPhoneSimulator
		AppStore|Any CPU = AppStore|Any CPU
		AppStore|iPhone = AppStore|iPhone
		AppStore|iPhoneSimulator = AppStore|iPhoneSimulator
		Debug|Any CPU = Debug|Any CPU
		Debug|iPhone = Debug|iPhone
		Debug|iPhoneSimulator = Debug|iPhoneSimulator
		Release|Any CPU = Release|Any CPU
		Release|iPhone = Release|iPhone
		Release|iPhoneSimulator = Release|iPhoneSimulator
	EndGlobalSection
	GlobalSection(ProjectConfigurationPlatforms) = postSolution
		{9064BDA3-51B3-4D22-81D7-A07790D6442D}.Ad-Hoc|Any CPU.ActiveCfg = Release|Any CPU
		{9064BDA3-51B3-4D22-81D7-A07790D6442D}.Ad-Hoc|Any CPU.Build.0 = Release|Any CPU
		{9064BDA3-51B3-4D22-81D7-A07790D6442D}.Ad-Hoc|Any CPU.Deploy.0 = Release|Any CPU
		{9064BDA3-51B3-4D22-81D7-A07790D6442D}.Ad-Hoc|iPhone.ActiveCfg = Release|Any CPU
		{9064BDA3-51B3-4D22-81D7-A07790D6442D}.Ad-Hoc|iPhone.Build.0 = Release|Any CPU
		{9064BDA3-51B3-4D22-81D7-A07790D6442D}.Ad-Hoc|iPhone.Deploy.0 = Release|Any CPU
		{9064BDA3-51B3-4D22-81D7-A07790D6442D}.Ad-Hoc|iPhoneSimulator.ActiveCfg = Release|Any CPU
		{9064BDA3-51B3-4D22-81D7-A07790D6442D}.Ad-Hoc|iPhoneSimulator.Build.0 = Release|Any CPU
		{9064BDA3-51B3-4D22-81D7-A07790D6442D}.Ad-Hoc|iPhoneSimulator.Deploy.0 = Release|Any CPU
		{9064BDA3-51B3-4D22-81D7-A07790D6442D}.AppStore|Any CPU.ActiveCfg = Release|Any CPU
		{9064BDA3-51B3-4D22-81D7-A07790D6442D}.AppStore|Any CPU.Build.0 = Release|Any CPU
		{9064BDA3-51B3-4D22-81D7-A07790D6442D}.AppStore|Any CPU.Deploy.0 = Release|Any CPU
		{9064BDA3-51B3-4D22-81D7-A07790D6442D}.AppStore|iPhone.ActiveCfg = Release|Any CPU
		{9064BDA3-51B3-4D22-81D7-A07790D6442D}.AppStore|iPhone.Build.0 = Release|Any CPU
		{9064BDA3-51B3-4D22-81D7-A07790D6442D}.AppStore|iPhone.Deploy.0 = Release|Any CPU
		{9064BDA3-51B3-4D22-81D7-A07790D6442D}.AppStore|iPhoneSimulator.ActiveCfg = Release|Any CPU
		{9064BDA3-51B3-4D22-81D7-A07790D6442D}.AppStore|iPhoneSimulator.Build.0 = Release|Any CPU
		{9064BDA3-51B3-4D22-81D7-A07790D6442D}.AppStore|iPhoneSimulator.Deploy.0 = Release|Any CPU
		{9064BDA3-51B3-4D22-81D7-A07790D6442D}.Debug|Any CPU.ActiveCfg = Debug|Any CPU
		{9064BDA3-51B3-4D22-81D7-A07790D6442D}.Debug|Any CPU.Build.0 = Debug|Any CPU
		{9064BDA3-51B3-4D22-81D7-A07790D6442D}.Debug|Any CPU.Deploy.0 = Debug|Any CPU
		{9064BDA3-51B3-4D22-81D7-A07790D6442D}.Debug|iPhone.ActiveCfg = Debug|Any CPU
		{9064BDA3-51B3-4D22-81D7-A07790D6442D}.Debug|iPhone.Build.0 = Debug|Any CPU
		{9064BDA3-51B3-4D22-81D7-A07790D6442D}.Debug|iPhone.Deploy.0 = Debug|Any CPU
		{9064BDA3-51B3-4D22-81D7-A07790D6442D}.Debug|iPhoneSimulator.ActiveCfg = Debug|Any CPU
		{9064BDA3-51B3-4D22-81D7-A07790D6442D}.Debug|iPhoneSimulator.Build.0 = Debug|Any CPU
		{9064BDA3-51B3-4D22-81D7-A07790D6442D}.Debug|iPhoneSimulator.Deploy.0 = Debug|Any CPU
		{9064BDA3-51B3-4D22-81D7-A07790D6442D}.Release|Any CPU.ActiveCfg = Release|Any CPU
		{9064BDA3-51B3-4D22-81D7-A07790D6442D}.Release|Any CPU.Build.0 = Release|Any CPU
		{9064BDA3-51B3-4D22-81D7-A07790D6442D}.Release|Any CPU.Deploy.0 = Release|Any CPU
		{9064BDA3-51B3-4D22-81D7-A07790D6442D}.Release|iPhone.ActiveCfg = Release|Any CPU
		{9064BDA3-51B3-4D22-81D7-A07790D6442D}.Release|iPhone.Build.0 = Release|Any CPU
		{9064BDA3-51B3-4D22-81D7-A07790D6442D}.Release|iPhone.Deploy.0 = Release|Any CPU
		{9064BDA3-51B3-4D22-81D7-A07790D6442D}.Release|iPhoneSimulator.ActiveCfg = Release|Any CPU
		{9064BDA3-51B3-4D22-81D7-A07790D6442D}.Release|iPhoneSimulator.Build.0 = Release|Any CPU
		{9064BDA3-51B3-4D22-81D7-A07790D6442D}.Release|iPhoneSimulator.Deploy.0 = Release|Any CPU
		{354A3470-BE9C-4F18-B635-E2D8685C0C3B}.Ad-Hoc|Any CPU.ActiveCfg = Release|Any CPU
		{354A3470-BE9C-4F18-B635-E2D8685C0C3B}.Ad-Hoc|Any CPU.Build.0 = Release|Any CPU
		{354A3470-BE9C-4F18-B635-E2D8685C0C3B}.Ad-Hoc|iPhone.ActiveCfg = Release|Any CPU
		{354A3470-BE9C-4F18-B635-E2D8685C0C3B}.Ad-Hoc|iPhone.Build.0 = Release|Any CPU
		{354A3470-BE9C-4F18-B635-E2D8685C0C3B}.Ad-Hoc|iPhoneSimulator.ActiveCfg = Release|Any CPU
		{354A3470-BE9C-4F18-B635-E2D8685C0C3B}.Ad-Hoc|iPhoneSimulator.Build.0 = Release|Any CPU
		{354A3470-BE9C-4F18-B635-E2D8685C0C3B}.AppStore|Any CPU.ActiveCfg = Release|Any CPU
		{354A3470-BE9C-4F18-B635-E2D8685C0C3B}.AppStore|Any CPU.Build.0 = Release|Any CPU
		{354A3470-BE9C-4F18-B635-E2D8685C0C3B}.AppStore|iPhone.ActiveCfg = Release|Any CPU
		{354A3470-BE9C-4F18-B635-E2D8685C0C3B}.AppStore|iPhone.Build.0 = Release|Any CPU
		{354A3470-BE9C-4F18-B635-E2D8685C0C3B}.AppStore|iPhoneSimulator.ActiveCfg = Release|Any CPU
		{354A3470-BE9C-4F18-B635-E2D8685C0C3B}.AppStore|iPhoneSimulator.Build.0 = Release|Any CPU
		{354A3470-BE9C-4F18-B635-E2D8685C0C3B}.Debug|Any CPU.ActiveCfg = Debug|Any CPU
		{354A3470-BE9C-4F18-B635-E2D8685C0C3B}.Debug|Any CPU.Build.0 = Debug|Any CPU
		{354A3470-BE9C-4F18-B635-E2D8685C0C3B}.Debug|iPhone.ActiveCfg = Debug|Any CPU
		{354A3470-BE9C-4F18-B635-E2D8685C0C3B}.Debug|iPhone.Build.0 = Debug|Any CPU
		{354A3470-BE9C-4F18-B635-E2D8685C0C3B}.Debug|iPhoneSimulator.ActiveCfg = Debug|Any CPU
		{354A3470-BE9C-4F18-B635-E2D8685C0C3B}.Debug|iPhoneSimulator.Build.0 = Debug|Any CPU
		{354A3470-BE9C-4F18-B635-E2D8685C0C3B}.Release|Any CPU.ActiveCfg = Release|Any CPU
		{354A3470-BE9C-4F18-B635-E2D8685C0C3B}.Release|Any CPU.Build.0 = Release|Any CPU
		{354A3470-BE9C-4F18-B635-E2D8685C0C3B}.Release|iPhone.ActiveCfg = Release|Any CPU
		{354A3470-BE9C-4F18-B635-E2D8685C0C3B}.Release|iPhone.Build.0 = Release|Any CPU
		{354A3470-BE9C-4F18-B635-E2D8685C0C3B}.Release|iPhoneSimulator.ActiveCfg = Release|Any CPU
		{354A3470-BE9C-4F18-B635-E2D8685C0C3B}.Release|iPhoneSimulator.Build.0 = Release|Any CPU
		{F43017AE-0EA7-4ADE-9E6C-E04660FF0EFD}.Ad-Hoc|Any CPU.ActiveCfg = Ad-Hoc|iPhone
		{F43017AE-0EA7-4ADE-9E6C-E04660FF0EFD}.Ad-Hoc|iPhone.ActiveCfg = Ad-Hoc|iPhone
		{F43017AE-0EA7-4ADE-9E6C-E04660FF0EFD}.Ad-Hoc|iPhone.Build.0 = Ad-Hoc|iPhone
		{F43017AE-0EA7-4ADE-9E6C-E04660FF0EFD}.Ad-Hoc|iPhoneSimulator.ActiveCfg = Ad-Hoc|iPhoneSimulator
		{F43017AE-0EA7-4ADE-9E6C-E04660FF0EFD}.Ad-Hoc|iPhoneSimulator.Build.0 = Ad-Hoc|iPhoneSimulator
		{F43017AE-0EA7-4ADE-9E6C-E04660FF0EFD}.AppStore|Any CPU.ActiveCfg = AppStore|iPhone
		{F43017AE-0EA7-4ADE-9E6C-E04660FF0EFD}.AppStore|iPhone.ActiveCfg = AppStore|iPhone
		{F43017AE-0EA7-4ADE-9E6C-E04660FF0EFD}.AppStore|iPhone.Build.0 = AppStore|iPhone
		{F43017AE-0EA7-4ADE-9E6C-E04660FF0EFD}.AppStore|iPhoneSimulator.ActiveCfg = AppStore|iPhoneSimulator
		{F43017AE-0EA7-4ADE-9E6C-E04660FF0EFD}.AppStore|iPhoneSimulator.Build.0 = AppStore|iPhoneSimulator
		{F43017AE-0EA7-4ADE-9E6C-E04660FF0EFD}.Debug|Any CPU.ActiveCfg = Debug|iPhone
		{F43017AE-0EA7-4ADE-9E6C-E04660FF0EFD}.Debug|iPhone.ActiveCfg = Debug|iPhone
		{F43017AE-0EA7-4ADE-9E6C-E04660FF0EFD}.Debug|iPhone.Build.0 = Debug|iPhone
		{F43017AE-0EA7-4ADE-9E6C-E04660FF0EFD}.Debug|iPhoneSimulator.ActiveCfg = Debug|iPhoneSimulator
		{F43017AE-0EA7-4ADE-9E6C-E04660FF0EFD}.Debug|iPhoneSimulator.Build.0 = Debug|iPhoneSimulator
		{F43017AE-0EA7-4ADE-9E6C-E04660FF0EFD}.Release|Any CPU.ActiveCfg = Release|iPhone
		{F43017AE-0EA7-4ADE-9E6C-E04660FF0EFD}.Release|iPhone.ActiveCfg = Release|iPhone
		{F43017AE-0EA7-4ADE-9E6C-E04660FF0EFD}.Release|iPhone.Build.0 = Release|iPhone
		{F43017AE-0EA7-4ADE-9E6C-E04660FF0EFD}.Release|iPhoneSimulator.ActiveCfg = Release|iPhoneSimulator
		{F43017AE-0EA7-4ADE-9E6C-E04660FF0EFD}.Release|iPhoneSimulator.Build.0 = Release|iPhoneSimulator
		{430E2A0C-A9EA-4A31-9644-9BA662F487E7}.Ad-Hoc|Any CPU.ActiveCfg = Release|Any CPU
		{430E2A0C-A9EA-4A31-9644-9BA662F487E7}.Ad-Hoc|Any CPU.Build.0 = Release|Any CPU
		{430E2A0C-A9EA-4A31-9644-9BA662F487E7}.Ad-Hoc|iPhone.ActiveCfg = Release|Any CPU
		{430E2A0C-A9EA-4A31-9644-9BA662F487E7}.Ad-Hoc|iPhone.Build.0 = Release|Any CPU
		{430E2A0C-A9EA-4A31-9644-9BA662F487E7}.Ad-Hoc|iPhoneSimulator.ActiveCfg = Release|Any CPU
		{430E2A0C-A9EA-4A31-9644-9BA662F487E7}.Ad-Hoc|iPhoneSimulator.Build.0 = Release|Any CPU
		{430E2A0C-A9EA-4A31-9644-9BA662F487E7}.AppStore|Any CPU.ActiveCfg = Release|Any CPU
		{430E2A0C-A9EA-4A31-9644-9BA662F487E7}.AppStore|Any CPU.Build.0 = Release|Any CPU
		{430E2A0C-A9EA-4A31-9644-9BA662F487E7}.AppStore|iPhone.ActiveCfg = Release|Any CPU
		{430E2A0C-A9EA-4A31-9644-9BA662F487E7}.AppStore|iPhone.Build.0 = Release|Any CPU
		{430E2A0C-A9EA-4A31-9644-9BA662F487E7}.AppStore|iPhoneSimulator.ActiveCfg = Release|Any CPU
		{430E2A0C-A9EA-4A31-9644-9BA662F487E7}.AppStore|iPhoneSimulator.Build.0 = Release|Any CPU
		{430E2A0C-A9EA-4A31-9644-9BA662F487E7}.Debug|Any CPU.ActiveCfg = Debug|Any CPU
		{430E2A0C-A9EA-4A31-9644-9BA662F487E7}.Debug|Any CPU.Build.0 = Debug|Any CPU
		{430E2A0C-A9EA-4A31-9644-9BA662F487E7}.Debug|iPhone.ActiveCfg = Debug|Any CPU
		{430E2A0C-A9EA-4A31-9644-9BA662F487E7}.Debug|iPhone.Build.0 = Debug|Any CPU
		{430E2A0C-A9EA-4A31-9644-9BA662F487E7}.Debug|iPhoneSimulator.ActiveCfg = Debug|Any CPU
		{430E2A0C-A9EA-4A31-9644-9BA662F487E7}.Debug|iPhoneSimulator.Build.0 = Debug|Any CPU
		{430E2A0C-A9EA-4A31-9644-9BA662F487E7}.Release|Any CPU.ActiveCfg = Release|Any CPU
		{430E2A0C-A9EA-4A31-9644-9BA662F487E7}.Release|Any CPU.Build.0 = Release|Any CPU
		{430E2A0C-A9EA-4A31-9644-9BA662F487E7}.Release|iPhone.ActiveCfg = Release|Any CPU
		{430E2A0C-A9EA-4A31-9644-9BA662F487E7}.Release|iPhone.Build.0 = Release|Any CPU
		{430E2A0C-A9EA-4A31-9644-9BA662F487E7}.Release|iPhoneSimulator.ActiveCfg = Release|Any CPU
		{430E2A0C-A9EA-4A31-9644-9BA662F487E7}.Release|iPhoneSimulator.Build.0 = Release|Any CPU
		{3CE64FBB-51D9-4CE4-8E0E-9BFB2957D3EF}.Ad-Hoc|Any CPU.ActiveCfg = Release|Any CPU
		{3CE64FBB-51D9-4CE4-8E0E-9BFB2957D3EF}.Ad-Hoc|Any CPU.Build.0 = Release|Any CPU
		{3CE64FBB-51D9-4CE4-8E0E-9BFB2957D3EF}.Ad-Hoc|Any CPU.Deploy.0 = Release|Any CPU
		{3CE64FBB-51D9-4CE4-8E0E-9BFB2957D3EF}.Ad-Hoc|iPhone.ActiveCfg = Release|Any CPU
		{3CE64FBB-51D9-4CE4-8E0E-9BFB2957D3EF}.Ad-Hoc|iPhone.Build.0 = Release|Any CPU
		{3CE64FBB-51D9-4CE4-8E0E-9BFB2957D3EF}.Ad-Hoc|iPhone.Deploy.0 = Release|Any CPU
		{3CE64FBB-51D9-4CE4-8E0E-9BFB2957D3EF}.Ad-Hoc|iPhoneSimulator.ActiveCfg = Release|Any CPU
		{3CE64FBB-51D9-4CE4-8E0E-9BFB2957D3EF}.Ad-Hoc|iPhoneSimulator.Build.0 = Release|Any CPU
		{3CE64FBB-51D9-4CE4-8E0E-9BFB2957D3EF}.Ad-Hoc|iPhoneSimulator.Deploy.0 = Release|Any CPU
		{3CE64FBB-51D9-4CE4-8E0E-9BFB2957D3EF}.AppStore|Any CPU.ActiveCfg = Release|Any CPU
		{3CE64FBB-51D9-4CE4-8E0E-9BFB2957D3EF}.AppStore|Any CPU.Build.0 = Release|Any CPU
		{3CE64FBB-51D9-4CE4-8E0E-9BFB2957D3EF}.AppStore|Any CPU.Deploy.0 = Release|Any CPU
		{3CE64FBB-51D9-4CE4-8E0E-9BFB2957D3EF}.AppStore|iPhone.ActiveCfg = Release|Any CPU
		{3CE64FBB-51D9-4CE4-8E0E-9BFB2957D3EF}.AppStore|iPhone.Build.0 = Release|Any CPU
		{3CE64FBB-51D9-4CE4-8E0E-9BFB2957D3EF}.AppStore|iPhone.Deploy.0 = Release|Any CPU
		{3CE64FBB-51D9-4CE4-8E0E-9BFB2957D3EF}.AppStore|iPhoneSimulator.ActiveCfg = Release|Any CPU
		{3CE64FBB-51D9-4CE4-8E0E-9BFB2957D3EF}.AppStore|iPhoneSimulator.Build.0 = Release|Any CPU
		{3CE64FBB-51D9-4CE4-8E0E-9BFB2957D3EF}.AppStore|iPhoneSimulator.Deploy.0 = Release|Any CPU
		{3CE64FBB-51D9-4CE4-8E0E-9BFB2957D3EF}.Debug|Any CPU.ActiveCfg = Debug|Any CPU
		{3CE64FBB-51D9-4CE4-8E0E-9BFB2957D3EF}.Debug|Any CPU.Build.0 = Debug|Any CPU
		{3CE64FBB-51D9-4CE4-8E0E-9BFB2957D3EF}.Debug|Any CPU.Deploy.0 = Debug|Any CPU
		{3CE64FBB-51D9-4CE4-8E0E-9BFB2957D3EF}.Debug|iPhone.ActiveCfg = Debug|Any CPU
		{3CE64FBB-51D9-4CE4-8E0E-9BFB2957D3EF}.Debug|iPhone.Build.0 = Debug|Any CPU
		{3CE64FBB-51D9-4CE4-8E0E-9BFB2957D3EF}.Debug|iPhone.Deploy.0 = Debug|Any CPU
		{3CE64FBB-51D9-4CE4-8E0E-9BFB2957D3EF}.Debug|iPhoneSimulator.ActiveCfg = Debug|Any CPU
		{3CE64FBB-51D9-4CE4-8E0E-9BFB2957D3EF}.Debug|iPhoneSimulator.Build.0 = Debug|Any CPU
		{3CE64FBB-51D9-4CE4-8E0E-9BFB2957D3EF}.Debug|iPhoneSimulator.Deploy.0 = Debug|Any CPU
		{3CE64FBB-51D9-4CE4-8E0E-9BFB2957D3EF}.Release|Any CPU.ActiveCfg = Release|Any CPU
		{3CE64FBB-51D9-4CE4-8E0E-9BFB2957D3EF}.Release|Any CPU.Build.0 = Release|Any CPU
		{3CE64FBB-51D9-4CE4-8E0E-9BFB2957D3EF}.Release|Any CPU.Deploy.0 = Release|Any CPU
		{3CE64FBB-51D9-4CE4-8E0E-9BFB2957D3EF}.Release|iPhone.ActiveCfg = Release|Any CPU
		{3CE64FBB-51D9-4CE4-8E0E-9BFB2957D3EF}.Release|iPhone.Build.0 = Release|Any CPU
		{3CE64FBB-51D9-4CE4-8E0E-9BFB2957D3EF}.Release|iPhone.Deploy.0 = Release|Any CPU
		{3CE64FBB-51D9-4CE4-8E0E-9BFB2957D3EF}.Release|iPhoneSimulator.ActiveCfg = Release|Any CPU
		{3CE64FBB-51D9-4CE4-8E0E-9BFB2957D3EF}.Release|iPhoneSimulator.Build.0 = Release|Any CPU
		{3CE64FBB-51D9-4CE4-8E0E-9BFB2957D3EF}.Release|iPhoneSimulator.Deploy.0 = Release|Any CPU
		{274E6098-4292-4E90-848E-7F5F09D4D377}.Ad-Hoc|Any CPU.ActiveCfg = Ad-Hoc|iPhone
		{274E6098-4292-4E90-848E-7F5F09D4D377}.Ad-Hoc|iPhone.ActiveCfg = Ad-Hoc|iPhone
		{274E6098-4292-4E90-848E-7F5F09D4D377}.Ad-Hoc|iPhone.Build.0 = Ad-Hoc|iPhone
		{274E6098-4292-4E90-848E-7F5F09D4D377}.Ad-Hoc|iPhoneSimulator.ActiveCfg = Ad-Hoc|iPhoneSimulator
		{274E6098-4292-4E90-848E-7F5F09D4D377}.Ad-Hoc|iPhoneSimulator.Build.0 = Ad-Hoc|iPhoneSimulator
		{274E6098-4292-4E90-848E-7F5F09D4D377}.AppStore|Any CPU.ActiveCfg = AppStore|iPhone
		{274E6098-4292-4E90-848E-7F5F09D4D377}.AppStore|iPhone.ActiveCfg = AppStore|iPhone
		{274E6098-4292-4E90-848E-7F5F09D4D377}.AppStore|iPhone.Build.0 = AppStore|iPhone
		{274E6098-4292-4E90-848E-7F5F09D4D377}.AppStore|iPhoneSimulator.ActiveCfg = AppStore|iPhoneSimulator
		{274E6098-4292-4E90-848E-7F5F09D4D377}.AppStore|iPhoneSimulator.Build.0 = AppStore|iPhoneSimulator
		{274E6098-4292-4E90-848E-7F5F09D4D377}.Debug|Any CPU.ActiveCfg = Debug|iPhone
		{274E6098-4292-4E90-848E-7F5F09D4D377}.Debug|iPhone.ActiveCfg = Debug|iPhone
		{274E6098-4292-4E90-848E-7F5F09D4D377}.Debug|iPhone.Build.0 = Debug|iPhone
		{274E6098-4292-4E90-848E-7F5F09D4D377}.Debug|iPhoneSimulator.ActiveCfg = Debug|iPhoneSimulator
		{274E6098-4292-4E90-848E-7F5F09D4D377}.Debug|iPhoneSimulator.Build.0 = Debug|iPhoneSimulator
		{274E6098-4292-4E90-848E-7F5F09D4D377}.Release|Any CPU.ActiveCfg = Release|iPhone
		{274E6098-4292-4E90-848E-7F5F09D4D377}.Release|iPhone.ActiveCfg = Release|iPhone
		{274E6098-4292-4E90-848E-7F5F09D4D377}.Release|iPhone.Build.0 = Release|iPhone
		{274E6098-4292-4E90-848E-7F5F09D4D377}.Release|iPhoneSimulator.ActiveCfg = Release|iPhoneSimulator
		{274E6098-4292-4E90-848E-7F5F09D4D377}.Release|iPhoneSimulator.Build.0 = Release|iPhoneSimulator
	EndGlobalSection
	GlobalSection(SolutionProperties) = preSolution
		HideSolutionNode = FALSE
	EndGlobalSection
	GlobalSection(NestedProjects) = preSolution
		{9064BDA3-51B3-4D22-81D7-A07790D6442D} = {F6EF1AE4-D5AB-4C01-9469-C64B7FDF5C69}
		{354A3470-BE9C-4F18-B635-E2D8685C0C3B} = {F6EF1AE4-D5AB-4C01-9469-C64B7FDF5C69}
		{F43017AE-0EA7-4ADE-9E6C-E04660FF0EFD} = {F6EF1AE4-D5AB-4C01-9469-C64B7FDF5C69}
		{430E2A0C-A9EA-4A31-9644-9BA662F487E7} = {62916577-8D6B-4E99-8258-2A953C37AD2C}
		{3CE64FBB-51D9-4CE4-8E0E-9BFB2957D3EF} = {62916577-8D6B-4E99-8258-2A953C37AD2C}
		{274E6098-4292-4E90-848E-7F5F09D4D377} = {62916577-8D6B-4E99-8258-2A953C37AD2C}
	EndGlobalSection
	GlobalSection(ExtensibilityGlobals) = postSolution
		SolutionGuid = {E9551093-6D0F-4648-A13F-CC3F680A93B9}
	EndGlobalSection
EndGlobal
